
Microsoft Visual Studio Solution File, Format Version 12.00
# Visual Studio Version 17
VisualStudioVersion = 17.5.002.0
MinimumVisualStudioVersion = 10.0.40219.1
Project("{9A19103F-16F7-4668-BE54-9A1E7A4F7556}") = "AcademicNet", "AcademicNet.csproj", "{B9F93E18-03DC-468C-A0C4-ED2E6218EBFE}"
EndProject
Project("{FAE04EC0-301F-11D3-BF4B-00C04F79EFBC}") = "AcademicNet.Tests", "..\AcademicNet.Tests\AcademicNet.Tests.csproj", "{92DC3ECB-551B-4B49-BCAE-8E3CD807B4D2}"
EndProject
Global
	GlobalSection(SolutionConfigurationPlatforms) = preSolution
		Debug|Any CPU = Debug|Any CPU
		Release|Any CPU = Release|Any CPU
	EndGlobalSection
	GlobalSection(ProjectConfigurationPlatforms) = postSolution
		{B9F93E18-03DC-468C-A0C4-ED2E6218EBFE}.Debug|Any CPU.ActiveCfg = Debug|Any CPU
		{B9F93E18-03DC-468C-A0C4-ED2E6218EBFE}.Debug|Any CPU.Build.0 = Debug|Any CPU
		{B9F93E18-03DC-468C-A0C4-ED2E6218EBFE}.Release|Any CPU.ActiveCfg = Release|Any CPU
		{B9F93E18-03DC-468C-A0C4-ED2E6218EBFE}.Release|Any CPU.Build.0 = Release|Any CPU
		{92DC3ECB-551B-4B49-BCAE-8E3CD807B4D2}.Debug|Any CPU.ActiveCfg = Debug|Any CPU
		{92DC3ECB-551B-4B49-BCAE-8E3CD807B4D2}.Debug|Any CPU.Build.0 = Debug|Any CPU
		{92DC3ECB-551B-4B49-BCAE-8E3CD807B4D2}.Release|Any CPU.ActiveCfg = Release|Any CPU
		{92DC3ECB-551B-4B49-BCAE-8E3CD807B4D2}.Release|Any CPU.Build.0 = Release|Any CPU
	EndGlobalSection
	GlobalSection(SolutionProperties) = preSolution
		HideSolutionNode = FALSE
	EndGlobalSection
	GlobalSection(ExtensibilityGlobals) = postSolution
		SolutionGuid = {EF856128-97D2-4E14-B37F-56379AF208E9}
	EndGlobalSection
EndGlobal
